{
  "version": 4,
  "terraform_version": "1.11.1",
  "serial": 11,
  "lineage": "bed351de-7abf-890f-3c9c-a7849f7c55a6",
  "outputs": {},
  "resources": [
    {
      "mode": "data",
      "type": "spotify_search_track",
      "name": "arijit_singh",
      "provider": "provider[\"registry.terraform.io/conradludgate/spotify\"]",
      "instances": [
        {
          "schema_version": 0,
          "attributes": {
            "album": null,
            "artist": "Arijit Singh",
            "explicit": true,
            "id": "1743936320",
            "limit": 10,
            "name": null,
            "tracks": [
              {
                "album": "1wt2WZBZZ9GhM0AC61l7SS",
                "artists": [
                  "74OaRjmyh0XyRZsQQQ5l7c",
                  "4YRxDV8wJFPHPTeXepOstw",
                  "3NHwwyb1coYa5cLyI72xSk"
                ],
                "id": "5PUXKVVVQ74C3gl5vKy9Li",
                "name": "Heeriye (feat. Arijit Singh)"
              },
              {
                "album": "3I8PdIhk6pNm8Kv0HiF14V",
                "artists": [
                  "4YRxDV8wJFPHPTeXepOstw",
                  "09UmIX92EUH9hAK4bxvHx6"
                ],
                "id": "2Fv2injs4qAm8mJBGaxVKU",
                "name": "Tujhe Kitna Chahne Lage (From \"Kabir Singh\")"
              },
              {
                "album": "2yYfIOq25JQWvUQ9AR172D",
                "artists": [
                  "4YRxDV8wJFPHPTeXepOstw",
                  "7KQ4t4Fvxcfcb0pzJFFN7W"
                ],
                "id": "3trnNo4KeaUlFuUiV7iRCj",
                "name": "Tera Chehra"
              },
              {
                "album": "0cJXodCZCl2EWRNcw6m1eJ",
                "artists": [
                  "1mBydYMVBECdDmMfE2sEUO",
                  "4YRxDV8wJFPHPTeXepOstw"
                ],
                "id": "5npFBWhVs3VVlc0nY5xQMA",
                "name": "Tainu Khabar Nahi - From \"Munjya\""
              },
              {
                "album": "5mZX4EMwEyohNmVfLTDtXn",
                "artists": [
                  "4YRxDV8wJFPHPTeXepOstw",
                  "5o36rLQd78Zh8CaT8rn59d",
                  "6k6TIai4KyKG1DeIMftSmJ"
                ],
                "id": "3yHyiUDJdz02FZ6jfUbsmY",
                "name": "Satranga (From \"ANIMAL\")"
              },
              {
                "album": "7FiRTB1EBLdaarSWkxjvqC",
                "artists": [
                  "4f7KfxeHq9BiylGmyXepGt",
                  "4YRxDV8wJFPHPTeXepOstw",
                  "4z0z82pXirH1TrygipQlOo",
                  "3GdSQUH1BRtl9UrrtuwJlP"
                ],
                "id": "4Lo6I7kkHWgAVRmdILLhig",
                "name": "Tu Hain Toh Main Hoon (From \"Sky Force\")"
              },
              {
                "album": "1lZk7TnMgvS3mSlfeWW1b3",
                "artists": [
                  "1wRPtKGflJrBx9BmLsSwlU",
                  "4YRxDV8wJFPHPTeXepOstw",
                  "19LIHDDSHBD5NyYHI3gpzB"
                ],
                "id": "4blqlsA1uf2d2I40E90EUC",
                "name": "Tere Hawaale (From \"Laal Singh Chaddha\")"
              },
              {
                "album": "3I3kZyHUtEA9Y59rJkxtk6",
                "artists": [
                  "3PpjqSKBer3obW6lDflOBx",
                  "4YRxDV8wJFPHPTeXepOstw",
                  "7vCsTTACb2iT4fvBMnwp5w"
                ],
                "id": "5zCnGtCl5Ac5zlFHXaZmhy",
                "name": "Sajni (From \"Laapataa Ladies\")"
              },
              {
                "album": "1WwkojG9sjMSrFVz4D51W0",
                "artists": [
                  "4YRxDV8wJFPHPTeXepOstw"
                ],
                "id": "2PvaburAUlhNHxVhw5lvOq",
                "name": "Humdard (From \"Ek Villain\")"
              },
              {
                "album": "0Rkv5iqjF2uenfL0OVB8hg",
                "artists": [
                  "09UmIX92EUH9hAK4bxvHx6",
                  "4YRxDV8wJFPHPTeXepOstw"
                ],
                "id": "56zZ48jdyY2oDXHVnwg5Di",
                "name": "Tum Hi Ho"
              }
            ],
            "year": null
          },
          "sensitive_attributes": []
        }
      ]
    },
    {
      "mode": "managed",
      "type": "spotify_playlist",
      "name": "arijit_singh",
      "provider": "provider[\"registry.terraform.io/conradludgate/spotify\"]",
      "instances": [
        {
          "schema_version": 0,
          "attributes": {
            "description": null,
            "id": "1VqttqXRQjPzhRWJua18B7",
            "name": "Arijit Singh",
            "public": true,
            "snapshot_id": "AAAAAqAOfJh//NnoBW9bJMK77QiCAyg2",
            "tracks": [
              "5PUXKVVVQ74C3gl5vKy9Li",
              "2Fv2injs4qAm8mJBGaxVKU",
              "3trnNo4KeaUlFuUiV7iRCj",
              "5npFBWhVs3VVlc0nY5xQMA",
              "3yHyiUDJdz02FZ6jfUbsmY"
            ]
          },
          "sensitive_attributes": [],
          "private": "bnVsbA==",
          "dependencies": [
            "data.spotify_search_track.arijit_singh"
          ]
        }
      ]
    }
  ],
  "check_results": null
}
